PODS:
  - Alamofire (5.6.4)
  - FLEX (5.22.10)

DEPENDENCIES:
  - Alamofire
  - FLEX

SPEC REPOS:
  trunk:
    - Alamofire
    - FLEX

SPEC CHECKSUMS:
  Alamofire: 4e95d97098eacb88856099c4fc79b526a299e48c
  FLEX: f21ee4f498eed3f8a1eded66b21939fd3b7a22ce

PODFILE CHECKSUM: 4cda78dae939024639635f1487bb98680a9d9d81

COCOAPODS: 1.11.3
