// !$*UTF8*$!
{
	archiveVersion = 1;
	classes = {
	};
	objectVersion = 56;
	objects = {

/* Begin PBXBuildFile section */
		56CDBF97D6BEF7A6DB84B723 /* Pods_SampleApp.framework in Frameworks */ = {isa = PBXBuildFile; fileRef = 49C9F93D885AA4294C28DF88 /* Pods_SampleApp.framework */; };
		C1579A0129B7C23200925380 /* WeatherForecastUseCaseTests.swift in Sources */ = {isa = PBXBuildFile; fileRef = C1579A0029B7C23200925380 /* WeatherForecastUseCaseTests.swift */; };
		C1579A0529B7C2B900925380 /* WeatherForecastProviderSpy.swift in Sources */ = {isa = PBXBuildFile; fileRef = C1579A0429B7C2B900925380 /* WeatherForecastProviderSpy.swift */; };
		C18885AB29B0DF7E00E152CE /* TestsExtension.swift in Sources */ = {isa = PBXBuildFile; fileRef = C18885AA29B0DF7E00E152CE /* TestsExtension.swift */; };
		C18885AE29B1116C00E152CE /* WeatherForecastUseCaseSpy.swift in Sources */ = {isa = PBXBuildFile; fileRef = C18885AD29B1116C00E152CE /* WeatherForecastUseCaseSpy.swift */; };
		C18885B029B2388E00E152CE /* TestFactories.swift in Sources */ = {isa = PBXBuildFile; fileRef = C18885AF29B2388E00E152CE /* TestFactories.swift */; };
		C1D6CA5629A6F07500696E5D /* Assets.xcassets in Resources */ = {isa = PBXBuildFile; fileRef = C1D6CA5529A6F07500696E5D /* Assets.xcassets */; };
		C1D6CA5929A6F07500696E5D /* LaunchScreen.storyboard in Resources */ = {isa = PBXBuildFile; fileRef = C1D6CA5729A6F07500696E5D /* LaunchScreen.storyboard */; };
		C1D6CA8829A6F16200696E5D /* AppCoordinator.swift in Sources */ = {isa = PBXBuildFile; fileRef = C1D6CA6229A6F16100696E5D /* AppCoordinator.swift */; };
		C1D6CA8929A6F16200696E5D /* AppCoordinator+MainFactory.swift in Sources */ = {isa = PBXBuildFile; fileRef = C1D6CA6429A6F16100696E5D /* AppCoordinator+MainFactory.swift */; };
		C1D6CA8A29A6F16200696E5D /* AppDelegate.swift in Sources */ = {isa = PBXBuildFile; fileRef = C1D6CA6529A6F16100696E5D /* AppDelegate.swift */; };
		C1D6CA8B29A6F16200696E5D /* SceneDelegate.swift in Sources */ = {isa = PBXBuildFile; fileRef = C1D6CA6629A6F16100696E5D /* SceneDelegate.swift */; };
		C1D6CA8C29A6F16200696E5D /* MainViewModel.swift in Sources */ = {isa = PBXBuildFile; fileRef = C1D6CA6B29A6F16100696E5D /* MainViewModel.swift */; };
		C1D6CA8D29A6F16200696E5D /* LocationView.swift in Sources */ = {isa = PBXBuildFile; fileRef = C1D6CA6E29A6F16100696E5D /* LocationView.swift */; };
		C1D6CA8E29A6F16200696E5D /* MainView+Layouts.swift in Sources */ = {isa = PBXBuildFile; fileRef = C1D6CA7129A6F16100696E5D /* MainView+Layouts.swift */; };
		C1D6CA8F29A6F16200696E5D /* MainView.swift in Sources */ = {isa = PBXBuildFile; fileRef = C1D6CA7229A6F16100696E5D /* MainView.swift */; };
		C1D6CA9029A6F16200696E5D /* MainViewController.swift in Sources */ = {isa = PBXBuildFile; fileRef = C1D6CA7429A6F16100696E5D /* MainViewController.swift */; };
		C1D6CA9129A6F16200696E5D /* Icons.swift in Sources */ = {isa = PBXBuildFile; fileRef = C1D6CA7729A6F16200696E5D /* Icons.swift */; };
		C1D6CA9229A6F16200696E5D /* Colors.swift in Sources */ = {isa = PBXBuildFile; fileRef = C1D6CA7829A6F16200696E5D /* Colors.swift */; };
		C1D6CA9329A6F16200696E5D /* BaseViewModel.swift in Sources */ = {isa = PBXBuildFile; fileRef = C1D6CA7B29A6F16200696E5D /* BaseViewModel.swift */; };
		C1D6CA9429A6F16200696E5D /* Coordinator.swift in Sources */ = {isa = PBXBuildFile; fileRef = C1D6CA7D29A6F16200696E5D /* Coordinator.swift */; };
		C1D6CA9529A6F16200696E5D /* Observable.swift in Sources */ = {isa = PBXBuildFile; fileRef = C1D6CA7F29A6F16200696E5D /* Observable.swift */; };
		C1D6CA9629A6F16200696E5D /* BaseViewController.swift in Sources */ = {isa = PBXBuildFile; fileRef = C1D6CA8129A6F16200696E5D /* BaseViewController.swift */; };
		C1D6CA9729A6F16200696E5D /* UIStateView.swift in Sources */ = {isa = PBXBuildFile; fileRef = C1D6CA8329A6F16200696E5D /* UIStateView.swift */; };
		C1D6CA9829A6F16200696E5D /* AppLabel.swift in Sources */ = {isa = PBXBuildFile; fileRef = C1D6CA8729A6F16200696E5D /* AppLabel.swift */; };
		C1D6CA9D29A6F8BF00696E5D /* MinMaxView.swift in Sources */ = {isa = PBXBuildFile; fileRef = C1D6CA9C29A6F8BF00696E5D /* MinMaxView.swift */; };
		C1D6CAA029A7A30500696E5D /* MainViewController+Binds.swift in Sources */ = {isa = PBXBuildFile; fileRef = C1D6CA9F29A7A30500696E5D /* MainViewController+Binds.swift */; };
		C1D6CAA429A7A49100696E5D /* MainViewDelegate.swift in Sources */ = {isa = PBXBuildFile; fileRef = C1D6CAA329A7A49100696E5D /* MainViewDelegate.swift */; };
		C1D6CAA729A7A4AF00696E5D /* MainViewModelDelegate.swift in Sources */ = {isa = PBXBuildFile; fileRef = C1D6CAA629A7A4AF00696E5D /* MainViewModelDelegate.swift */; };
		C1D6CAAA29A7A7E300696E5D /* MainView+StateView.swift in Sources */ = {isa = PBXBuildFile; fileRef = C1D6CAA929A7A7E300696E5D /* MainView+StateView.swift */; };
		C1D6CAAD29A7A9FA00696E5D /* LoadingView.swift in Sources */ = {isa = PBXBuildFile; fileRef = C1D6CAAC29A7A9FA00696E5D /* LoadingView.swift */; };
		C1D6CAB029A7CAFF00696E5D /* WeatherForecastUseCase.swift in Sources */ = {isa = PBXBuildFile; fileRef = C1D6CAAF29A7CAFF00696E5D /* WeatherForecastUseCase.swift */; };
		C1D6CAB729A7CCED00696E5D /* WeatherForecast.swift in Sources */ = {isa = PBXBuildFile; fileRef = C1D6CAB629A7CCED00696E5D /* WeatherForecast.swift */; };
		C1D6CAC129A7D10800696E5D /* WeatherForecastProviderDelegate.swift in Sources */ = {isa = PBXBuildFile; fileRef = C1D6CAC029A7D10800696E5D /* WeatherForecastProviderDelegate.swift */; };
		C1D6CAC429A7D15100696E5D /* WeatherForecastProvider.swift in Sources */ = {isa = PBXBuildFile; fileRef = C1D6CAC329A7D15100696E5D /* WeatherForecastProvider.swift */; };
		C1D6CACA29A7DF8500696E5D /* WeatherForecastRequestDTO.swift in Sources */ = {isa = PBXBuildFile; fileRef = C1D6CAC929A7DF8500696E5D /* WeatherForecastRequestDTO.swift */; };
		C1D6CACE29A7E83100696E5D /* AlamofireServiceClient.swift in Sources */ = {isa = PBXBuildFile; fileRef = C1D6CACD29A7E83100696E5D /* AlamofireServiceClient.swift */; };
		C1D6CAD129A7E8D700696E5D /* GetServiceDelegate.swift in Sources */ = {isa = PBXBuildFile; fileRef = C1D6CAD029A7E8D700696E5D /* GetServiceDelegate.swift */; };
		C1D6CAD329A7EBD100696E5D /* ServiceErrorEnum.swift in Sources */ = {isa = PBXBuildFile; fileRef = C1D6CAD229A7EBD100696E5D /* ServiceErrorEnum.swift */; };
		C1D6CAD729A7EE2800696E5D /* DataExtensions.swift in Sources */ = {isa = PBXBuildFile; fileRef = C1D6CAD629A7EE2800696E5D /* DataExtensions.swift */; };
		C1D6CADA29A7F94B00696E5D /* EncodableExtension.swift in Sources */ = {isa = PBXBuildFile; fileRef = C1D6CAD929A7F94B00696E5D /* EncodableExtension.swift */; };
		C1D6CADC29A7FC4900696E5D /* APIEnum.swift in Sources */ = {isa = PBXBuildFile; fileRef = C1D6CADB29A7FC4900696E5D /* APIEnum.swift */; };
		C1D6CADE29A810DC00696E5D /* AppConfigs.swift in Sources */ = {isa = PBXBuildFile; fileRef = C1D6CADD29A810DC00696E5D /* AppConfigs.swift */; };
		C1D6CAE029A8123B00696E5D /* Configs.plist in Resources */ = {isa = PBXBuildFile; fileRef = C1D6CADF29A8123B00696E5D /* Configs.plist */; };
		C1D6CAE529AA576F00696E5D /* WeatherForecastUseCaseDelegate.swift in Sources */ = {isa = PBXBuildFile; fileRef = C1D6CAE429AA576F00696E5D /* WeatherForecastUseCaseDelegate.swift */; };
		C1D6CAF929AAFAE600696E5D /* MainViewModelTests.swift in Sources */ = {isa = PBXBuildFile; fileRef = C1D6CAF829AAFAE600696E5D /* MainViewModelTests.swift */; };
/* End PBXBuildFile section */

/* Begin PBXContainerItemProxy section */
		C1D6CAEF29AABF9F00696E5D /* PBXContainerItemProxy */ = {
			isa = PBXContainerItemProxy;
			containerPortal = C1D6CA4129A6F07500696E5D /* Project object */;
			proxyType = 1;
			remoteGlobalIDString = C1D6CA4829A6F07500696E5D;
			remoteInfo = SampleApp;
		};
/* End PBXContainerItemProxy section */

/* Begin PBXFileReference section */
		41D305FE54EF76ED5F0C2526 /* Pods-SampleApp.debug.xcconfig */ = {isa = PBXFileReference; includeInIndex = 1; lastKnownFileType = text.xcconfig; name = "Pods-SampleApp.debug.xcconfig"; path = "Target Support Files/Pods-SampleApp/Pods-SampleApp.debug.xcconfig"; sourceTree = "<group>"; };
		49C9F93D885AA4294C28DF88 /* Pods_SampleApp.framework */ = {isa = PBXFileReference; explicitFileType = wrapper.framework; includeInIndex = 0; path = Pods_SampleApp.framework; sourceTree = BUILT_PRODUCTS_DIR; };
		C1579A0029B7C23200925380 /* WeatherForecastUseCaseTests.swift */ = {isa = PBXFileReference; lastKnownFileType = sourcecode.swift; path = WeatherForecastUseCaseTests.swift; sourceTree = "<group>"; };
		C1579A0429B7C2B900925380 /* WeatherForecastProviderSpy.swift */ = {isa = PBXFileReference; lastKnownFileType = sourcecode.swift; path = WeatherForecastProviderSpy.swift; sourceTree = "<group>"; };
		C18885AA29B0DF7E00E152CE /* TestsExtension.swift */ = {isa = PBXFileReference; lastKnownFileType = sourcecode.swift; path = TestsExtension.swift; sourceTree = "<group>"; };
		C18885AD29B1116C00E152CE /* WeatherForecastUseCaseSpy.swift */ = {isa = PBXFileReference; lastKnownFileType = sourcecode.swift; path = WeatherForecastUseCaseSpy.swift; sourceTree = "<group>"; };
		C18885AF29B2388E00E152CE /* TestFactories.swift */ = {isa = PBXFileReference; lastKnownFileType = sourcecode.swift; path = TestFactories.swift; sourceTree = "<group>"; };
		C1D6CA4929A6F07500696E5D /* SampleApp.app */ = {isa = PBXFileReference; explicitFileType = wrapper.application; includeInIndex = 0; path = SampleApp.app; sourceTree = BUILT_PRODUCTS_DIR; };
		C1D6CA5529A6F07500696E5D /* Assets.xcassets */ = {isa = PBXFileReference; lastKnownFileType = folder.assetcatalog; path = Assets.xcassets; sourceTree = "<group>"; };
		C1D6CA5829A6F07500696E5D /* Base */ = {isa = PBXFileReference; lastKnownFileType = file.storyboard; name = Base; path = Base.lproj/LaunchScreen.storyboard; sourceTree = "<group>"; };
		C1D6CA5A29A6F07500696E5D /* Info.plist */ = {isa = PBXFileReference; lastKnownFileType = text.plist.xml; path = Info.plist; sourceTree = "<group>"; };
		C1D6CA6229A6F16100696E5D /* AppCoordinator.swift */ = {isa = PBXFileReference; fileEncoding = 4; lastKnownFileType = sourcecode.swift; path = AppCoordinator.swift; sourceTree = "<group>"; };
		C1D6CA6429A6F16100696E5D /* AppCoordinator+MainFactory.swift */ = {isa = PBXFileReference; fileEncoding = 4; lastKnownFileType = sourcecode.swift; path = "AppCoordinator+MainFactory.swift"; sourceTree = "<group>"; };
		C1D6CA6529A6F16100696E5D /* AppDelegate.swift */ = {isa = PBXFileReference; fileEncoding = 4; lastKnownFileType = sourcecode.swift; path = AppDelegate.swift; sourceTree = "<group>"; };
		C1D6CA6629A6F16100696E5D /* SceneDelegate.swift */ = {isa = PBXFileReference; fileEncoding = 4; lastKnownFileType = sourcecode.swift; path = SceneDelegate.swift; sourceTree = "<group>"; };
		C1D6CA6B29A6F16100696E5D /* MainViewModel.swift */ = {isa = PBXFileReference; fileEncoding = 4; lastKnownFileType = sourcecode.swift; path = MainViewModel.swift; sourceTree = "<group>"; };
		C1D6CA6E29A6F16100696E5D /* LocationView.swift */ = {isa = PBXFileReference; fileEncoding = 4; lastKnownFileType = sourcecode.swift; path = LocationView.swift; sourceTree = "<group>"; };
		C1D6CA7129A6F16100696E5D /* MainView+Layouts.swift */ = {isa = PBXFileReference; fileEncoding = 4; lastKnownFileType = sourcecode.swift; path = "MainView+Layouts.swift"; sourceTree = "<group>"; };
		C1D6CA7229A6F16100696E5D /* MainView.swift */ = {isa = PBXFileReference; fileEncoding = 4; lastKnownFileType = sourcecode.swift; path = MainView.swift; sourceTree = "<group>"; };
		C1D6CA7429A6F16100696E5D /* MainViewController.swift */ = {isa = PBXFileReference; fileEncoding = 4; lastKnownFileType = sourcecode.swift; path = MainViewController.swift; sourceTree = "<group>"; };
		C1D6CA7729A6F16200696E5D /* Icons.swift */ = {isa = PBXFileReference; fileEncoding = 4; lastKnownFileType = sourcecode.swift; path = Icons.swift; sourceTree = "<group>"; };
		C1D6CA7829A6F16200696E5D /* Colors.swift */ = {isa = PBXFileReference; fileEncoding = 4; lastKnownFileType = sourcecode.swift; path = Colors.swift; sourceTree = "<group>"; };
		C1D6CA7B29A6F16200696E5D /* BaseViewModel.swift */ = {isa = PBXFileReference; fileEncoding = 4; lastKnownFileType = sourcecode.swift; path = BaseViewModel.swift; sourceTree = "<group>"; };
		C1D6CA7D29A6F16200696E5D /* Coordinator.swift */ = {isa = PBXFileReference; fileEncoding = 4; lastKnownFileType = sourcecode.swift; path = Coordinator.swift; sourceTree = "<group>"; };
		C1D6CA7F29A6F16200696E5D /* Observable.swift */ = {isa = PBXFileReference; fileEncoding = 4; lastKnownFileType = sourcecode.swift; path = Observable.swift; sourceTree = "<group>"; };
		C1D6CA8129A6F16200696E5D /* BaseViewController.swift */ = {isa = PBXFileReference; fileEncoding = 4; lastKnownFileType = sourcecode.swift; path = BaseViewController.swift; sourceTree = "<group>"; };
		C1D6CA8329A6F16200696E5D /* UIStateView.swift */ = {isa = PBXFileReference; fileEncoding = 4; lastKnownFileType = sourcecode.swift; path = UIStateView.swift; sourceTree = "<group>"; };
		C1D6CA8729A6F16200696E5D /* AppLabel.swift */ = {isa = PBXFileReference; fileEncoding = 4; lastKnownFileType = sourcecode.swift; path = AppLabel.swift; sourceTree = "<group>"; };
		C1D6CA9C29A6F8BF00696E5D /* MinMaxView.swift */ = {isa = PBXFileReference; lastKnownFileType = sourcecode.swift; path = MinMaxView.swift; sourceTree = "<group>"; };
		C1D6CA9F29A7A30500696E5D /* MainViewController+Binds.swift */ = {isa = PBXFileReference; lastKnownFileType = sourcecode.swift; path = "MainViewController+Binds.swift"; sourceTree = "<group>"; };
		C1D6CAA329A7A49100696E5D /* MainViewDelegate.swift */ = {isa = PBXFileReference; lastKnownFileType = sourcecode.swift; path = MainViewDelegate.swift; sourceTree = "<group>"; };
		C1D6CAA629A7A4AF00696E5D /* MainViewModelDelegate.swift */ = {isa = PBXFileReference; lastKnownFileType = sourcecode.swift; path = MainViewModelDelegate.swift; sourceTree = "<group>"; };
		C1D6CAA929A7A7E300696E5D /* MainView+StateView.swift */ = {isa = PBXFileReference; lastKnownFileType = sourcecode.swift; path = "MainView+StateView.swift"; sourceTree = "<group>"; };
		C1D6CAAC29A7A9FA00696E5D /* LoadingView.swift */ = {isa = PBXFileReference; lastKnownFileType = sourcecode.swift; path = LoadingView.swift; sourceTree = "<group>"; };
		C1D6CAAF29A7CAFF00696E5D /* WeatherForecastUseCase.swift */ = {isa = PBXFileReference; lastKnownFileType = sourcecode.swift; path = WeatherForecastUseCase.swift; sourceTree = "<group>"; };
		C1D6CAB629A7CCED00696E5D /* WeatherForecast.swift */ = {isa = PBXFileReference; lastKnownFileType = sourcecode.swift; path = WeatherForecast.swift; sourceTree = "<group>"; };
		C1D6CAC029A7D10800696E5D /* WeatherForecastProviderDelegate.swift */ = {isa = PBXFileReference; lastKnownFileType = sourcecode.swift; path = WeatherForecastProviderDelegate.swift; sourceTree = "<group>"; };
		C1D6CAC329A7D15100696E5D /* WeatherForecastProvider.swift */ = {isa = PBXFileReference; lastKnownFileType = sourcecode.swift; path = WeatherForecastProvider.swift; sourceTree = "<group>"; };
		C1D6CAC929A7DF8500696E5D /* WeatherForecastRequestDTO.swift */ = {isa = PBXFileReference; lastKnownFileType = sourcecode.swift; path = WeatherForecastRequestDTO.swift; sourceTree = "<group>"; };
		C1D6CACD29A7E83100696E5D /* AlamofireServiceClient.swift */ = {isa = PBXFileReference; lastKnownFileType = sourcecode.swift; path = AlamofireServiceClient.swift; sourceTree = "<group>"; };
		C1D6CAD029A7E8D700696E5D /* GetServiceDelegate.swift */ = {isa = PBXFileReference; lastKnownFileType = sourcecode.swift; path = GetServiceDelegate.swift; sourceTree = "<group>"; };
		C1D6CAD229A7EBD100696E5D /* ServiceErrorEnum.swift */ = {isa = PBXFileReference; lastKnownFileType = sourcecode.swift; path = ServiceErrorEnum.swift; sourceTree = "<group>"; };
		C1D6CAD629A7EE2800696E5D /* DataExtensions.swift */ = {isa = PBXFileReference; lastKnownFileType = sourcecode.swift; path = DataExtensions.swift; sourceTree = "<group>"; };
		C1D6CAD929A7F94B00696E5D /* EncodableExtension.swift */ = {isa = PBXFileReference; lastKnownFileType = sourcecode.swift; path = EncodableExtension.swift; sourceTree = "<group>"; };
		C1D6CADB29A7FC4900696E5D /* APIEnum.swift */ = {isa = PBXFileReference; lastKnownFileType = sourcecode.swift; path = APIEnum.swift; sourceTree = "<group>"; };
		C1D6CADD29A810DC00696E5D /* AppConfigs.swift */ = {isa = PBXFileReference; lastKnownFileType = sourcecode.swift; path = AppConfigs.swift; sourceTree = "<group>"; };
		C1D6CADF29A8123B00696E5D /* Configs.plist */ = {isa = PBXFileReference; lastKnownFileType = text.plist.xml; path = Configs.plist; sourceTree = "<group>"; };
		C1D6CAE429AA576F00696E5D /* WeatherForecastUseCaseDelegate.swift */ = {isa = PBXFileReference; lastKnownFileType = sourcecode.swift; path = WeatherForecastUseCaseDelegate.swift; sourceTree = "<group>"; };
		C1D6CAEB29AABF9F00696E5D /* SampleAppTests.xctest */ = {isa = PBXFileReference; explicitFileType = wrapper.cfbundle; includeInIndex = 0; path = SampleAppTests.xctest; sourceTree = BUILT_PRODUCTS_DIR; };
		C1D6CAF829AAFAE600696E5D /* MainViewModelTests.swift */ = {isa = PBXFileReference; lastKnownFileType = sourcecode.swift; path = MainViewModelTests.swift; sourceTree = "<group>"; };
		F1CD76C90EFED9B8079B12BB /* Pods-SampleApp.release.xcconfig */ = {isa = PBXFileReference; includeInIndex = 1; lastKnownFileType = text.xcconfig; name = "Pods-SampleApp.release.xcconfig"; path = "Target Support Files/Pods-SampleApp/Pods-SampleApp.release.xcconfig"; sourceTree = "<group>"; };
/* End PBXFileReference section */

/* Begin PBXFrameworksBuildPhase section */
		C1D6CA4629A6F07500696E5D /* Frameworks */ = {
			isa = PBXFrameworksBuildPhase;
			buildActionMask = 2147483647;
			files = (
				56CDBF97D6BEF7A6DB84B723 /* Pods_SampleApp.framework in Frameworks */,
			);
			runOnlyForDeploymentPostprocessing = 0;
		};
		C1D6CAE829AABF9F00696E5D /* Frameworks */ = {
			isa = PBXFrameworksBuildPhase;
			buildActionMask = 2147483647;
			files = (
			);
			runOnlyForDeploymentPostprocessing = 0;
		};
/* End PBXFrameworksBuildPhase section */

/* Begin PBXGroup section */
		02B5C2E16C3806DDF1E55CA2 /* Pods */ = {
			isa = PBXGroup;
			children = (
				41D305FE54EF76ED5F0C2526 /* Pods-SampleApp.debug.xcconfig */,
				F1CD76C90EFED9B8079B12BB /* Pods-SampleApp.release.xcconfig */,
			);
			path = Pods;
			sourceTree = "<group>";
		};
		17BBD672CB2EEE4A313494A6 /* Frameworks */ = {
			isa = PBXGroup;
			children = (
				49C9F93D885AA4294C28DF88 /* Pods_SampleApp.framework */,
			);
			name = Frameworks;
			sourceTree = "<group>";
		};
		C15799FE29B7C20200925380 /* Domain */ = {
			isa = PBXGroup;
			children = (
				C15799FF29B7C20800925380 /* UseCases */,
			);
			path = Domain;
			sourceTree = "<group>";
		};
		C15799FF29B7C20800925380 /* UseCases */ = {
			isa = PBXGroup;
			children = (
				C1579A0029B7C23200925380 /* WeatherForecastUseCaseTests.swift */,
				C1579A0229B7C2A500925380 /* Spies */,
			);
			path = UseCases;
			sourceTree = "<group>";
		};
		C1579A0229B7C2A500925380 /* Spies */ = {
			isa = PBXGroup;
			children = (
				C1579A0429B7C2B900925380 /* WeatherForecastProviderSpy.swift */,
			);
			path = Spies;
			sourceTree = "<group>";
		};
		C18885A929B0DF6200E152CE /* Helpers */ = {
			isa = PBXGroup;
			children = (
				C18885AA29B0DF7E00E152CE /* TestsExtension.swift */,
				C18885AF29B2388E00E152CE /* TestFactories.swift */,
			);
			path = Helpers;
			sourceTree = "<group>";
		};
		C18885AC29B1114400E152CE /* Spies */ = {
			isa = PBXGroup;
			children = (
				C18885AD29B1116C00E152CE /* WeatherForecastUseCaseSpy.swift */,
			);
			path = Spies;
			sourceTree = "<group>";
		};
		C1D6CA4029A6F07500696E5D = {
			isa = PBXGroup;
			children = (
				C1D6CA4B29A6F07500696E5D /* SampleApp */,
				C1D6CAEC29AABF9F00696E5D /* SampleAppTests */,
				C1D6CA4A29A6F07500696E5D /* Products */,
				02B5C2E16C3806DDF1E55CA2 /* Pods */,
				17BBD672CB2EEE4A313494A6 /* Frameworks */,
			);
			sourceTree = "<group>";
		};
		C1D6CA4A29A6F07500696E5D /* Products */ = {
			isa = PBXGroup;
			children = (
				C1D6CA4929A6F07500696E5D /* SampleApp.app */,
				C1D6CAEB29AABF9F00696E5D /* SampleAppTests.xctest */,
			);
			name = Products;
			sourceTree = "<group>";
		};
		C1D6CA4B29A6F07500696E5D /* SampleApp */ = {
			isa = PBXGroup;
			children = (
				C1D6CA6029A6F16100696E5D /* Application */,
				C1D6CA6729A6F16100696E5D /* Screens */,
				C1D6CA7529A6F16200696E5D /* Shared */,
				C1D6CA9929A6F16500696E5D /* Resources */,
				C1D6CA5A29A6F07500696E5D /* Info.plist */,
				C1D6CADF29A8123B00696E5D /* Configs.plist */,
			);
			path = SampleApp;
			sourceTree = "<group>";
		};
		C1D6CA6029A6F16100696E5D /* Application */ = {
			isa = PBXGroup;
			children = (
				C1D6CA6529A6F16100696E5D /* AppDelegate.swift */,
				C1D6CA6629A6F16100696E5D /* SceneDelegate.swift */,
				C1D6CA6129A6F16100696E5D /* Coordinator */,
			);
			path = Application;
			sourceTree = "<group>";
		};
		C1D6CA6129A6F16100696E5D /* Coordinator */ = {
			isa = PBXGroup;
			children = (
				C1D6CA6229A6F16100696E5D /* AppCoordinator.swift */,
				C1D6CA6329A6F16100696E5D /* Factory */,
			);
			path = Coordinator;
			sourceTree = "<group>";
		};
		C1D6CA6329A6F16100696E5D /* Factory */ = {
			isa = PBXGroup;
			children = (
				C1D6CA6429A6F16100696E5D /* AppCoordinator+MainFactory.swift */,
			);
			path = Factory;
			sourceTree = "<group>";
		};
		C1D6CA6729A6F16100696E5D /* Screens */ = {
			isa = PBXGroup;
			children = (
				C1D6CA6829A6F16100696E5D /* Main */,
			);
			path = Screens;
			sourceTree = "<group>";
		};
		C1D6CA6829A6F16100696E5D /* Main */ = {
			isa = PBXGroup;
			children = (
				C1D6CAA129A7A48100696E5D /* Delegates */,
				C1D6CABC29A7D0B700696E5D /* Domain */,
				C1D6CAC529A7D3AE00696E5D /* Infra */,
				C1D6CABD29A7D0C400696E5D /* Presentation */,
			);
			path = Main;
			sourceTree = "<group>";
		};
		C1D6CA6A29A6F16100696E5D /* ViewModel */ = {
			isa = PBXGroup;
			children = (
				C1D6CA6B29A6F16100696E5D /* MainViewModel.swift */,
			);
			path = ViewModel;
			sourceTree = "<group>";
		};
		C1D6CA6C29A6F16100696E5D /* Components */ = {
			isa = PBXGroup;
			children = (
				C1D6CA6D29A6F16100696E5D /* LocationView */,
				C1D6CA9B29A6F8AD00696E5D /* MinMaxView */,
			);
			path = Components;
			sourceTree = "<group>";
		};
		C1D6CA6D29A6F16100696E5D /* LocationView */ = {
			isa = PBXGroup;
			children = (
				C1D6CA6E29A6F16100696E5D /* LocationView.swift */,
			);
			path = LocationView;
			sourceTree = "<group>";
		};
		C1D6CA6F29A6F16100696E5D /* View */ = {
			isa = PBXGroup;
			children = (
				C1D6CA7229A6F16100696E5D /* MainView.swift */,
				C1D6CA7029A6F16100696E5D /* Layouts */,
				C1D6CAA829A7A7D300696E5D /* StateView */,
			);
			path = View;
			sourceTree = "<group>";
		};
		C1D6CA7029A6F16100696E5D /* Layouts */ = {
			isa = PBXGroup;
			children = (
				C1D6CA7129A6F16100696E5D /* MainView+Layouts.swift */,
			);
			path = Layouts;
			sourceTree = "<group>";
		};
		C1D6CA7329A6F16100696E5D /* ViewController */ = {
			isa = PBXGroup;
			children = (
				C1D6CA7429A6F16100696E5D /* MainViewController.swift */,
				C1D6CA9E29A7A2F600696E5D /* Binds */,
			);
			path = ViewController;
			sourceTree = "<group>";
		};
		C1D6CA7529A6F16200696E5D /* Shared */ = {
			isa = PBXGroup;
			children = (
				C1D6CA7629A6F16200696E5D /* Constants */,
				C1D6CAD429A7EE1A00696E5D /* Extensions */,
				C1D6CACC29A7E7EC00696E5D /* Infra */,
				C1D6CACB29A7E7E500696E5D /* Presentation */,
				C1D6CA7929A6F16200696E5D /* Utilities */,
			);
			path = Shared;
			sourceTree = "<group>";
		};
		C1D6CA7629A6F16200696E5D /* Constants */ = {
			isa = PBXGroup;
			children = (
				C1D6CA7729A6F16200696E5D /* Icons.swift */,
				C1D6CA7829A6F16200696E5D /* Colors.swift */,
				C1D6CADD29A810DC00696E5D /* AppConfigs.swift */,
			);
			path = Constants;
			sourceTree = "<group>";
		};
		C1D6CA7929A6F16200696E5D /* Utilities */ = {
			isa = PBXGroup;
			children = (
				C1D6CA7A29A6F16200696E5D /* ViewModel */,
				C1D6CA7C29A6F16200696E5D /* Coordinator */,
				C1D6CA7E29A6F16200696E5D /* Observable */,
				C1D6CA8029A6F16200696E5D /* ViewController */,
				C1D6CA8229A6F16200696E5D /* UIStateView */,
			);
			path = Utilities;
			sourceTree = "<group>";
		};
		C1D6CA7A29A6F16200696E5D /* ViewModel */ = {
			isa = PBXGroup;
			children = (
				C1D6CA7B29A6F16200696E5D /* BaseViewModel.swift */,
			);
			path = ViewModel;
			sourceTree = "<group>";
		};
		C1D6CA7C29A6F16200696E5D /* Coordinator */ = {
			isa = PBXGroup;
			children = (
				C1D6CA7D29A6F16200696E5D /* Coordinator.swift */,
			);
			path = Coordinator;
			sourceTree = "<group>";
		};
		C1D6CA7E29A6F16200696E5D /* Observable */ = {
			isa = PBXGroup;
			children = (
				C1D6CA7F29A6F16200696E5D /* Observable.swift */,
			);
			path = Observable;
			sourceTree = "<group>";
		};
		C1D6CA8029A6F16200696E5D /* ViewController */ = {
			isa = PBXGroup;
			children = (
				C1D6CA8129A6F16200696E5D /* BaseViewController.swift */,
			);
			path = ViewController;
			sourceTree = "<group>";
		};
		C1D6CA8229A6F16200696E5D /* UIStateView */ = {
			isa = PBXGroup;
			children = (
				C1D6CA8329A6F16200696E5D /* UIStateView.swift */,
			);
			path = UIStateView;
			sourceTree = "<group>";
		};
		C1D6CA8529A6F16200696E5D /* Components */ = {
			isa = PBXGroup;
			children = (
				C1D6CA8629A6F16200696E5D /* Label */,
				C1D6CAAB29A7A9EE00696E5D /* LoadingView */,
			);
			path = Components;
			sourceTree = "<group>";
		};
		C1D6CA8629A6F16200696E5D /* Label */ = {
			isa = PBXGroup;
			children = (
				C1D6CA8729A6F16200696E5D /* AppLabel.swift */,
			);
			path = Label;
			sourceTree = "<group>";
		};
		C1D6CA9929A6F16500696E5D /* Resources */ = {
			isa = PBXGroup;
			children = (
				C1D6CA5529A6F07500696E5D /* Assets.xcassets */,
				C1D6CA5729A6F07500696E5D /* LaunchScreen.storyboard */,
			);
			path = Resources;
			sourceTree = "<group>";
		};
		C1D6CA9B29A6F8AD00696E5D /* MinMaxView */ = {
			isa = PBXGroup;
			children = (
				C1D6CA9C29A6F8BF00696E5D /* MinMaxView.swift */,
			);
			path = MinMaxView;
			sourceTree = "<group>";
		};
		C1D6CA9E29A7A2F600696E5D /* Binds */ = {
			isa = PBXGroup;
			children = (
				C1D6CA9F29A7A30500696E5D /* MainViewController+Binds.swift */,
			);
			path = Binds;
			sourceTree = "<group>";
		};
		C1D6CAA129A7A48100696E5D /* Delegates */ = {
			isa = PBXGroup;
			children = (
				C1D6CAA229A7A48700696E5D /* View */,
				C1D6CAA529A7A4A700696E5D /* ViewModel */,
			);
			path = Delegates;
			sourceTree = "<group>";
		};
		C1D6CAA229A7A48700696E5D /* View */ = {
			isa = PBXGroup;
			children = (
				C1D6CAA329A7A49100696E5D /* MainViewDelegate.swift */,
			);
			path = View;
			sourceTree = "<group>";
		};
		C1D6CAA529A7A4A700696E5D /* ViewModel */ = {
			isa = PBXGroup;
			children = (
				C1D6CAA629A7A4AF00696E5D /* MainViewModelDelegate.swift */,
			);
			path = ViewModel;
			sourceTree = "<group>";
		};
		C1D6CAA829A7A7D300696E5D /* StateView */ = {
			isa = PBXGroup;
			children = (
				C1D6CAA929A7A7E300696E5D /* MainView+StateView.swift */,
			);
			path = StateView;
			sourceTree = "<group>";
		};
		C1D6CAAB29A7A9EE00696E5D /* LoadingView */ = {
			isa = PBXGroup;
			children = (
				C1D6CAAC29A7A9FA00696E5D /* LoadingView.swift */,
			);
			path = LoadingView;
			sourceTree = "<group>";
		};
		C1D6CAAE29A7CAE200696E5D /* UseCases */ = {
			isa = PBXGroup;
			children = (
				C1D6CAB829A7CF7E00696E5D /* WeatherForecast */,
			);
			path = UseCases;
			sourceTree = "<group>";
		};
		C1D6CAB429A7CCD300696E5D /* Models */ = {
			isa = PBXGroup;
			children = (
				C1D6CAB529A7CCDB00696E5D /* WeatherForecast */,
			);
			path = Models;
			sourceTree = "<group>";
		};
		C1D6CAB529A7CCDB00696E5D /* WeatherForecast */ = {
			isa = PBXGroup;
			children = (
				C1D6CAB629A7CCED00696E5D /* WeatherForecast.swift */,
				C1D6CAE129A9278C00696E5D /* RequestDTO */,
			);
			path = WeatherForecast;
			sourceTree = "<group>";
		};
		C1D6CAB829A7CF7E00696E5D /* WeatherForecast */ = {
			isa = PBXGroup;
			children = (
				C1D6CAE329AA576500696E5D /* Delegate */,
				C1D6CAE629AA577F00696E5D /* Implementations */,
			);
			path = WeatherForecast;
			sourceTree = "<group>";
		};
		C1D6CABC29A7D0B700696E5D /* Domain */ = {
			isa = PBXGroup;
			children = (
				C1D6CAB429A7CCD300696E5D /* Models */,
				C1D6CAAE29A7CAE200696E5D /* UseCases */,
			);
			path = Domain;
			sourceTree = "<group>";
		};
		C1D6CABD29A7D0C400696E5D /* Presentation */ = {
			isa = PBXGroup;
			children = (
				C1D6CA6C29A6F16100696E5D /* Components */,
				C1D6CA6F29A6F16100696E5D /* View */,
				C1D6CA7329A6F16100696E5D /* ViewController */,
				C1D6CA6A29A6F16100696E5D /* ViewModel */,
			);
			path = Presentation;
			sourceTree = "<group>";
		};
		C1D6CABE29A7D0E800696E5D /* Providers */ = {
			isa = PBXGroup;
			children = (
				C1D6CABF29A7D0F600696E5D /* WeatherForecast */,
			);
			path = Providers;
			sourceTree = "<group>";
		};
		C1D6CABF29A7D0F600696E5D /* WeatherForecast */ = {
			isa = PBXGroup;
			children = (
				C1D6CAE229A92D5300696E5D /* Delegate */,
				C1D6CAC229A7D13A00696E5D /* Implementations */,
			);
			path = WeatherForecast;
			sourceTree = "<group>";
		};
		C1D6CAC229A7D13A00696E5D /* Implementations */ = {
			isa = PBXGroup;
			children = (
				C1D6CAC329A7D15100696E5D /* WeatherForecastProvider.swift */,
			);
			path = Implementations;
			sourceTree = "<group>";
		};
		C1D6CAC529A7D3AE00696E5D /* Infra */ = {
			isa = PBXGroup;
			children = (
				C1D6CABE29A7D0E800696E5D /* Providers */,
			);
			path = Infra;
			sourceTree = "<group>";
		};
		C1D6CACB29A7E7E500696E5D /* Presentation */ = {
			isa = PBXGroup;
			children = (
				C1D6CA8529A6F16200696E5D /* Components */,
			);
			path = Presentation;
			sourceTree = "<group>";
		};
		C1D6CACC29A7E7EC00696E5D /* Infra */ = {
			isa = PBXGroup;
			children = (
				C1D6CADB29A7FC4900696E5D /* APIEnum.swift */,
				C1D6CAD029A7E8D700696E5D /* GetServiceDelegate.swift */,
				C1D6CAD229A7EBD100696E5D /* ServiceErrorEnum.swift */,
				C1D6CACF29A7E8B800696E5D /* Alamofire */,
			);
			path = Infra;
			sourceTree = "<group>";
		};
		C1D6CACF29A7E8B800696E5D /* Alamofire */ = {
			isa = PBXGroup;
			children = (
				C1D6CACD29A7E83100696E5D /* AlamofireServiceClient.swift */,
			);
			path = Alamofire;
			sourceTree = "<group>";
		};
		C1D6CAD429A7EE1A00696E5D /* Extensions */ = {
			isa = PBXGroup;
			children = (
				C1D6CAD829A7F94000696E5D /* Encodable */,
				C1D6CAD529A7EE1F00696E5D /* Data */,
			);
			path = Extensions;
			sourceTree = "<group>";
		};
		C1D6CAD529A7EE1F00696E5D /* Data */ = {
			isa = PBXGroup;
			children = (
				C1D6CAD629A7EE2800696E5D /* DataExtensions.swift */,
			);
			path = Data;
			sourceTree = "<group>";
		};
		C1D6CAD829A7F94000696E5D /* Encodable */ = {
			isa = PBXGroup;
			children = (
				C1D6CAD929A7F94B00696E5D /* EncodableExtension.swift */,
			);
			path = Encodable;
			sourceTree = "<group>";
		};
		C1D6CAE129A9278C00696E5D /* RequestDTO */ = {
			isa = PBXGroup;
			children = (
				C1D6CAC929A7DF8500696E5D /* WeatherForecastRequestDTO.swift */,
			);
			path = RequestDTO;
			sourceTree = "<group>";
		};
		C1D6CAE229A92D5300696E5D /* Delegate */ = {
			isa = PBXGroup;
			children = (
				C1D6CAC029A7D10800696E5D /* WeatherForecastProviderDelegate.swift */,
			);
			path = Delegate;
			sourceTree = "<group>";
		};
		C1D6CAE329AA576500696E5D /* Delegate */ = {
			isa = PBXGroup;
			children = (
				C1D6CAE429AA576F00696E5D /* WeatherForecastUseCaseDelegate.swift */,
			);
			path = Delegate;
			sourceTree = "<group>";
		};
		C1D6CAE629AA577F00696E5D /* Implementations */ = {
			isa = PBXGroup;
			children = (
				C1D6CAAF29A7CAFF00696E5D /* WeatherForecastUseCase.swift */,
			);
			path = Implementations;
			sourceTree = "<group>";
		};
		C1D6CAEC29AABF9F00696E5D /* SampleAppTests */ = {
			isa = PBXGroup;
			children = (
				C18885A929B0DF6200E152CE /* Helpers */,
				C1D6CAF429AAF98100696E5D /* Screens */,
			);
			path = SampleAppTests;
			sourceTree = "<group>";
		};
		C1D6CAF429AAF98100696E5D /* Screens */ = {
			isa = PBXGroup;
			children = (
				C1D6CAF529AAF98500696E5D /* Main */,
			);
			path = Screens;
			sourceTree = "<group>";
		};
		C1D6CAF529AAF98500696E5D /* Main */ = {
			isa = PBXGroup;
			children = (
				C15799FE29B7C20200925380 /* Domain */,
				C1D6CAF629AAF98900696E5D /* Presentation */,
			);
			path = Main;
			sourceTree = "<group>";
		};
		C1D6CAF629AAF98900696E5D /* Presentation */ = {
			isa = PBXGroup;
			children = (
				C1D6CAF729AAF98E00696E5D /* ViewModel */,
			);
			path = Presentation;
			sourceTree = "<group>";
		};
		C1D6CAF729AAF98E00696E5D /* ViewModel */ = {
			isa = PBXGroup;
			children = (
				C1D6CAF829AAFAE600696E5D /* MainViewModelTests.swift */,
				C18885AC29B1114400E152CE /* Spies */,
			);
			path = ViewModel;
			sourceTree = "<group>";
		};
/* End PBXGroup section */

/* Begin PBXNativeTarget section */
		C1D6CA4829A6F07500696E5D /* SampleApp */ = {
			isa = PBXNativeTarget;
			buildConfigurationList = C1D6CA5D29A6F07500696E5D /* Build configuration list for PBXNativeTarget "SampleApp" */;
			buildPhases = (
				A2982D4FCBA3255A40FCAD66 /* [CP] Check Pods Manifest.lock */,
				C1D6CA4529A6F07500696E5D /* Sources */,
				C1D6CA4629A6F07500696E5D /* Frameworks */,
				C1D6CA4729A6F07500696E5D /* Resources */,
				C1D6CA9A29A6F51600696E5D /* SwiftLint */,
				766653E5F5118C289FB9C108 /* [CP] Embed Pods Frameworks */,
			);
			buildRules = (
			);
			dependencies = (
			);
			name = SampleApp;
			productName = SampleApp;
			productReference = C1D6CA4929A6F07500696E5D /* SampleApp.app */;
			productType = "com.apple.product-type.application";
		};
		C1D6CAEA29AABF9F00696E5D /* SampleAppTests */ = {
			isa = PBXNativeTarget;
			buildConfigurationList = C1D6CAF129AABF9F00696E5D /* Build configuration list for PBXNativeTarget "SampleAppTests" */;
			buildPhases = (
				C1D6CAE729AABF9F00696E5D /* Sources */,
				C1D6CAE829AABF9F00696E5D /* Frameworks */,
				C1D6CAE929AABF9F00696E5D /* Resources */,
			);
			buildRules = (
			);
			dependencies = (
				C1D6CAF029AABF9F00696E5D /* PBXTargetDependency */,
			);
			name = SampleAppTests;
			productName = SampleAppTests;
			productReference = C1D6CAEB29AABF9F00696E5D /* SampleAppTests.xctest */;
			productType = "com.apple.product-type.bundle.unit-test";
		};
/* End PBXNativeTarget section */

/* Begin PBXProject section */
		C1D6CA4129A6F07500696E5D /* Project object */ = {
			isa = PBXProject;
			attributes = {
				BuildIndependentTargetsInParallel = 1;
				LastSwiftUpdateCheck = 1420;
				LastUpgradeCheck = 1420;
				TargetAttributes = {
					C1D6CA4829A6F07500696E5D = {
						CreatedOnToolsVersion = 14.2;
					};
					C1D6CAEA29AABF9F00696E5D = {
						CreatedOnToolsVersion = 14.2;
						LastSwiftMigration = 1420;
						TestTargetID = C1D6CA4829A6F07500696E5D;
					};
				};
			};
			buildConfigurationList = C1D6CA4429A6F07500696E5D /* Build configuration list for PBXProject "SampleApp" */;
			compatibilityVersion = "Xcode 14.0";
			developmentRegion = en;
			hasScannedForEncodings = 0;
			knownRegions = (
				en,
				Base,
			);
			mainGroup = C1D6CA4029A6F07500696E5D;
			productRefGroup = C1D6CA4A29A6F07500696E5D /* Products */;
			projectDirPath = "";
			projectRoot = "";
			targets = (
				C1D6CA4829A6F07500696E5D /* SampleApp */,
				C1D6CAEA29AABF9F00696E5D /* SampleAppTests */,
			);
		};
/* End PBXProject section */

/* Begin PBXResourcesBuildPhase section */
		C1D6CA4729A6F07500696E5D /* Resources */ = {
			isa = PBXResourcesBuildPhase;
			buildActionMask = 2147483647;
			files = (
				C1D6CA5929A6F07500696E5D /* LaunchScreen.storyboard in Resources */,
				C1D6CA5629A6F07500696E5D /* Assets.xcassets in Resources */,
				C1D6CAE029A8123B00696E5D /* Configs.plist in Resources */,
			);
			runOnlyForDeploymentPostprocessing = 0;
		};
		C1D6CAE929AABF9F00696E5D /* Resources */ = {
			isa = PBXResourcesBuildPhase;
			buildActionMask = 2147483647;
			files = (
			);
			runOnlyForDeploymentPostprocessing = 0;
		};
/* End PBXResourcesBuildPhase section */

/* Begin PBXShellScriptBuildPhase section */
		766653E5F5118C289FB9C108 /* [CP] Embed Pods Frameworks */ = {
			isa = PBXShellScriptBuildPhase;
			buildActionMask = 2147483647;
			files = (
			);
			inputFileListPaths = (
				"${PODS_ROOT}/Target Support Files/Pods-SampleApp/Pods-SampleApp-frameworks-${CONFIGURATION}-input-files.xcfilelist",
			);
			name = "[CP] Embed Pods Frameworks";
			outputFileListPaths = (
				"${PODS_ROOT}/Target Support Files/Pods-SampleApp/Pods-SampleApp-frameworks-${CONFIGURATION}-output-files.xcfilelist",
			);
			runOnlyForDeploymentPostprocessing = 0;
			shellPath = /bin/sh;
			shellScript = "\"${PODS_ROOT}/Target Support Files/Pods-SampleApp/Pods-SampleApp-frameworks.sh\"\n";
			showEnvVarsInLog = 0;
		};
		A2982D4FCBA3255A40FCAD66 /* [CP] Check Pods Manifest.lock */ = {
			isa = PBXShellScriptBuildPhase;
			buildActionMask = 2147483647;
			files = (
			);
			inputFileListPaths = (
			);
			inputPaths = (
				"${PODS_PODFILE_DIR_PATH}/Podfile.lock",
				"${PODS_ROOT}/Manifest.lock",
			);
			name = "[CP] Check Pods Manifest.lock";
			outputFileListPaths = (
			);
			outputPaths = (
				"$(DERIVED_FILE_DIR)/Pods-SampleApp-checkManifestLockResult.txt",
			);
			runOnlyForDeploymentPostprocessing = 0;
			shellPath = /bin/sh;
			shellScript = "diff \"${PODS_PODFILE_DIR_PATH}/Podfile.lock\" \"${PODS_ROOT}/Manifest.lock\" > /dev/null\nif [ $? != 0 ] ; then\n    # print error to STDERR\n    echo \"error: The sandbox is not in sync with the Podfile.lock. Run 'pod install' or update your CocoaPods installation.\" >&2\n    exit 1\nfi\n# This output is used by Xcode 'outputs' to avoid re-running this script phase.\necho \"SUCCESS\" > \"${SCRIPT_OUTPUT_FILE_0}\"\n";
			showEnvVarsInLog = 0;
		};
		C1D6CA9A29A6F51600696E5D /* SwiftLint */ = {
			isa = PBXShellScriptBuildPhase;
			alwaysOutOfDate = 1;
			buildActionMask = 2147483647;
			files = (
			);
			inputFileListPaths = (
			);
			inputPaths = (
			);
			name = SwiftLint;
			outputFileListPaths = (
			);
			outputPaths = (
			);
			runOnlyForDeploymentPostprocessing = 0;
			shellPath = /bin/sh;
			shellScript = "export PATH=\"$PATH:/opt/homebrew/bin\"\n\nif which swiftlint > /dev/null; then\n  swiftlint --config https://gist.githubusercontent.com/Hennrich-Your-Dev/080932317f7203a828fbfc6e2a57b0c9/raw/c6163a864a4fcdcff6c8aaa0436b9ddb33f4fb2b/swiftlint.yaml\n  # swiftlint --config swiftlint.yaml\nelse\n  echo \"warning: SwiftLint not installed, download from https://github.com/realm/SwiftLint\"\nfi\n";
		};
/* End PBXShellScriptBuildPhase section */

/* Begin PBXSourcesBuildPhase section */
		C1D6CA4529A6F07500696E5D /* Sources */ = {
			isa = PBXSourcesBuildPhase;
			buildActionMask = 2147483647;
			files = (
				C1D6CA9D29A6F8BF00696E5D /* MinMaxView.swift in Sources */,
				C1D6CADC29A7FC4900696E5D /* APIEnum.swift in Sources */,
				C1D6CAC429A7D15100696E5D /* WeatherForecastProvider.swift in Sources */,
				C1D6CAC129A7D10800696E5D /* WeatherForecastProviderDelegate.swift in Sources */,
				C1D6CA8C29A6F16200696E5D /* MainViewModel.swift in Sources */,
				C1D6CA9229A6F16200696E5D /* Colors.swift in Sources */,
				C1D6CA9429A6F16200696E5D /* Coordinator.swift in Sources */,
				C1D6CA8F29A6F16200696E5D /* MainView.swift in Sources */,
				C1D6CA8E29A6F16200696E5D /* MainView+Layouts.swift in Sources */,
				C1D6CA9629A6F16200696E5D /* BaseViewController.swift in Sources */,
				C1D6CAD329A7EBD100696E5D /* ServiceErrorEnum.swift in Sources */,
				C1D6CADA29A7F94B00696E5D /* EncodableExtension.swift in Sources */,
				C1D6CAB729A7CCED00696E5D /* WeatherForecast.swift in Sources */,
				C1D6CA9729A6F16200696E5D /* UIStateView.swift in Sources */,
				C1D6CAA429A7A49100696E5D /* MainViewDelegate.swift in Sources */,
				C1D6CACA29A7DF8500696E5D /* WeatherForecastRequestDTO.swift in Sources */,
				C1D6CA8D29A6F16200696E5D /* LocationView.swift in Sources */,
				C1D6CA9329A6F16200696E5D /* BaseViewModel.swift in Sources */,
				C1D6CADE29A810DC00696E5D /* AppConfigs.swift in Sources */,
				C1D6CA8A29A6F16200696E5D /* AppDelegate.swift in Sources */,
				C1D6CA8929A6F16200696E5D /* AppCoordinator+MainFactory.swift in Sources */,
				C1D6CA9029A6F16200696E5D /* MainViewController.swift in Sources */,
				C1D6CAA729A7A4AF00696E5D /* MainViewModelDelegate.swift in Sources */,
				C1D6CAD129A7E8D700696E5D /* GetServiceDelegate.swift in Sources */,
				C1D6CAB029A7CAFF00696E5D /* WeatherForecastUseCase.swift in Sources */,
				C1D6CA9829A6F16200696E5D /* AppLabel.swift in Sources */,
				C1D6CAAA29A7A7E300696E5D /* MainView+StateView.swift in Sources */,
				C1D6CACE29A7E83100696E5D /* AlamofireServiceClient.swift in Sources */,
				C1D6CAD729A7EE2800696E5D /* DataExtensions.swift in Sources */,
				C1D6CA9529A6F16200696E5D /* Observable.swift in Sources */,
				C1D6CAE529AA576F00696E5D /* WeatherForecastUseCaseDelegate.swift in Sources */,
				C1D6CAA029A7A30500696E5D /* MainViewController+Binds.swift in Sources */,
				C1D6CA8829A6F16200696E5D /* AppCoordinator.swift in Sources */,
				C1D6CA9129A6F16200696E5D /* Icons.swift in Sources */,
				C1D6CA8B29A6F16200696E5D /* SceneDelegate.swift in Sources */,
				C1D6CAAD29A7A9FA00696E5D /* LoadingView.swift in Sources */,
			);
			runOnlyForDeploymentPostprocessing = 0;
		};
		C1D6CAE729AABF9F00696E5D /* Sources */ = {
			isa = PBXSourcesBuildPhase;
			buildActionMask = 2147483647;
			files = (
				C1D6CAF929AAFAE600696E5D /* MainViewModelTests.swift in Sources */,
				C1579A0129B7C23200925380 /* WeatherForecastUseCaseTests.swift in Sources */,
				C1579A0529B7C2B900925380 /* WeatherForecastProviderSpy.swift in Sources */,
				C18885B029B2388E00E152CE /* TestFactories.swift in Sources */,
				C18885AE29B1116C00E152CE /* WeatherForecastUseCaseSpy.swift in Sources */,
				C18885AB29B0DF7E00E152CE /* TestsExtension.swift in Sources */,
			);
			runOnlyForDeploymentPostprocessing = 0;
		};
/* End PBXSourcesBuildPhase section */

/* Begin PBXTargetDependency section */
		C1D6CAF029AABF9F00696E5D /* PBXTargetDependency */ = {
			isa = PBXTargetDependency;
			target = C1D6CA4829A6F07500696E5D /* SampleApp */;
			targetProxy = C1D6CAEF29AABF9F00696E5D /* PBXContainerItemProxy */;
		};
/* End PBXTargetDependency section */

/* Begin PBXVariantGroup section */
		C1D6CA5729A6F07500696E5D /* LaunchScreen.storyboard */ = {
			isa = PBXVariantGroup;
			children = (
				C1D6CA5829A6F07500696E5D /* Base */,
			);
			name = LaunchScreen.storyboard;
			sourceTree = "<group>";
		};
/* End PBXVariantGroup section */

/* Begin XCBuildConfiguration section */
		C1D6CA5B29A6F07500696E5D /* Debug */ = {
			isa = XCBuildConfiguration;
			buildSettings = {
				ALWAYS_SEARCH_USER_PATHS = NO;
				CLANG_ANALYZER_NONNULL = YES;
				CLANG_ANALYZER_NUMBER_OBJECT_CONVERSION = YES_AGGRESSIVE;
				CLANG_CXX_LANGUAGE_STANDARD = "gnu++20";
				CLANG_ENABLE_MODULES = YES;
				CLANG_ENABLE_OBJC_ARC = YES;
				CLANG_ENABLE_OBJC_WEAK = YES;
				CLANG_WARN_BLOCK_CAPTURE_AUTORELEASING = YES;
				CLANG_WARN_BOOL_CONVERSION = YES;
				CLANG_WARN_COMMA = YES;
				CLANG_WARN_CONSTANT_CONVERSION = YES;
				CLANG_WARN_DEPRECATED_OBJC_IMPLEMENTATIONS = YES;
				CLANG_WARN_DIRECT_OBJC_ISA_USAGE = YES_ERROR;
				CLANG_WARN_DOCUMENTATION_COMMENTS = YES;
				CLANG_WARN_EMPTY_BODY = YES;
				CLANG_WARN_ENUM_CONVERSION = YES;
				CLANG_WARN_INFINITE_RECURSION = YES;
				CLANG_WARN_INT_CONVERSION = YES;
				CLANG_WARN_NON_LITERAL_NULL_CONVERSION = YES;
				CLANG_WARN_OBJC_IMPLICIT_RETAIN_SELF = YES;
				CLANG_WARN_OBJC_LITERAL_CONVERSION = YES;
				CLANG_WARN_OBJC_ROOT_CLASS = YES_ERROR;
				CLANG_WARN_QUOTED_INCLUDE_IN_FRAMEWORK_HEADER = YES;
				CLANG_WARN_RANGE_LOOP_ANALYSIS = YES;
				CLANG_WARN_STRICT_PROTOTYPES = YES;
				CLANG_WARN_SUSPICIOUS_MOVE = YES;
				CLANG_WARN_UNGUARDED_AVAILABILITY = YES_AGGRESSIVE;
				CLANG_WARN_UNREACHABLE_CODE = YES;
				CLANG_WARN__DUPLICATE_METHOD_MATCH = YES;
				COPY_PHASE_STRIP = NO;
				DEBUG_INFORMATION_FORMAT = dwarf;
				ENABLE_STRICT_OBJC_MSGSEND = YES;
				ENABLE_TESTABILITY = YES;
				GCC_C_LANGUAGE_STANDARD = gnu11;
				GCC_DYNAMIC_NO_PIC = NO;
				GCC_NO_COMMON_BLOCKS = YES;
				GCC_OPTIMIZATION_LEVEL = 0;
				GCC_PREPROCESSOR_DEFINITIONS = (
					"DEBUG=1",
					"$(inherited)",
				);
				GCC_WARN_64_TO_32_BIT_CONVERSION = YES;
				GCC_WARN_ABOUT_RETURN_TYPE = YES_ERROR;
				GCC_WARN_UNDECLARED_SELECTOR = YES;
				GCC_WARN_UNINITIALIZED_AUTOS = YES_AGGRESSIVE;
				GCC_WARN_UNUSED_FUNCTION = YES;
				GCC_WARN_UNUSED_VARIABLE = YES;
				IPHONEOS_DEPLOYMENT_TARGET = 16.2;
				MTL_ENABLE_DEBUG_INFO = INCLUDE_SOURCE;
				MTL_FAST_MATH = YES;
				ONLY_ACTIVE_ARCH = YES;
				SDKROOT = iphoneos;
				SWIFT_ACTIVE_COMPILATION_CONDITIONS = DEBUG;
				SWIFT_OPTIMIZATION_LEVEL = "-Onone";
			};
			name = Debug;
		};
		C1D6CA5C29A6F07500696E5D /* Release */ = {
			isa = XCBuildConfiguration;
			buildSettings = {
				ALWAYS_SEARCH_USER_PATHS = NO;
				CLANG_ANALYZER_NONNULL = YES;
				CLANG_ANALYZER_NUMBER_OBJECT_CONVERSION = YES_AGGRESSIVE;
				CLANG_CXX_LANGUAGE_STANDARD = "gnu++20";
				CLANG_ENABLE_MODULES = YES;
				CLANG_ENABLE_OBJC_ARC = YES;
				CLANG_ENABLE_OBJC_WEAK = YES;
				CLANG_WARN_BLOCK_CAPTURE_AUTORELEASING = YES;
				CLANG_WARN_BOOL_CONVERSION = YES;
				CLANG_WARN_COMMA = YES;
				CLANG_WARN_CONSTANT_CONVERSION = YES;
				CLANG_WARN_DEPRECATED_OBJC_IMPLEMENTATIONS = YES;
				CLANG_WARN_DIRECT_OBJC_ISA_USAGE = YES_ERROR;
				CLANG_WARN_DOCUMENTATION_COMMENTS = YES;
				CLANG_WARN_EMPTY_BODY = YES;
				CLANG_WARN_ENUM_CONVERSION = YES;
				CLANG_WARN_INFINITE_RECURSION = YES;
				CLANG_WARN_INT_CONVERSION = YES;
				CLANG_WARN_NON_LITERAL_NULL_CONVERSION = YES;
				CLANG_WARN_OBJC_IMPLICIT_RETAIN_SELF = YES;
				CLANG_WARN_OBJC_LITERAL_CONVERSION = YES;
				CLANG_WARN_OBJC_ROOT_CLASS = YES_ERROR;
				CLANG_WARN_QUOTED_INCLUDE_IN_FRAMEWORK_HEADER = YES;
				CLANG_WARN_RANGE_LOOP_ANALYSIS = YES;
				CLANG_WARN_STRICT_PROTOTYPES = YES;
				CLANG_WARN_SUSPICIOUS_MOVE = YES;
				CLANG_WARN_UNGUARDED_AVAILABILITY = YES_AGGRESSIVE;
				CLANG_WARN_UNREACHABLE_CODE = YES;
				CLANG_WARN__DUPLICATE_METHOD_MATCH = YES;
				COPY_PHASE_STRIP = NO;
				DEBUG_INFORMATION_FORMAT = "dwarf-with-dsym";
				ENABLE_NS_ASSERTIONS = NO;
				ENABLE_STRICT_OBJC_MSGSEND = YES;
				GCC_C_LANGUAGE_STANDARD = gnu11;
				GCC_NO_COMMON_BLOCKS = YES;
				GCC_WARN_64_TO_32_BIT_CONVERSION = YES;
				GCC_WARN_ABOUT_RETURN_TYPE = YES_ERROR;
				GCC_WARN_UNDECLARED_SELECTOR = YES;
				GCC_WARN_UNINITIALIZED_AUTOS = YES_AGGRESSIVE;
				GCC_WARN_UNUSED_FUNCTION = YES;
				GCC_WARN_UNUSED_VARIABLE = YES;
				IPHONEOS_DEPLOYMENT_TARGET = 16.2;
				MTL_ENABLE_DEBUG_INFO = NO;
				MTL_FAST_MATH = YES;
				SDKROOT = iphoneos;
				SWIFT_COMPILATION_MODE = wholemodule;
				SWIFT_OPTIMIZATION_LEVEL = "-O";
				VALIDATE_PRODUCT = YES;
			};
			name = Release;
		};
		C1D6CA5E29A6F07500696E5D /* Debug */ = {
			isa = XCBuildConfiguration;
			baseConfigurationReference = 41D305FE54EF76ED5F0C2526 /* Pods-SampleApp.debug.xcconfig */;
			buildSettings = {
				ASSETCATALOG_COMPILER_APPICON_NAME = AppIcon;
				ASSETCATALOG_COMPILER_GLOBAL_ACCENT_COLOR_NAME = AccentColor;
				CODE_SIGN_STYLE = Automatic;
				CURRENT_PROJECT_VERSION = 1;
				GENERATE_INFOPLIST_FILE = YES;
				INFOPLIST_FILE = SampleApp/Info.plist;
				INFOPLIST_KEY_UIApplicationSupportsIndirectInputEvents = YES;
				INFOPLIST_KEY_UILaunchStoryboardName = LaunchScreen;
				INFOPLIST_KEY_UISupportedInterfaceOrientations = UIInterfaceOrientationPortrait;
				INFOPLIST_KEY_UISupportedInterfaceOrientations_iPad = "UIInterfaceOrientationPortrait UIInterfaceOrientationPortraitUpsideDown";
				IPHONEOS_DEPLOYMENT_TARGET = 13.0;
				LD_RUNPATH_SEARCH_PATHS = (
					"$(inherited)",
					"@executable_path/Frameworks",
				);
				MARKETING_VERSION = 1.0;
				PRODUCT_BUNDLE_IDENTIFIER = br.com.yourdev.SampleApp;
				PRODUCT_NAME = "$(TARGET_NAME)";
				SWIFT_EMIT_LOC_STRINGS = YES;
				SWIFT_VERSION = 5.0;
				TARGETED_DEVICE_FAMILY = "1,2";
			};
			name = Debug;
		};
		C1D6CA5F29A6F07500696E5D /* Release */ = {
			isa = XCBuildConfiguration;
			baseConfigurationReference = F1CD76C90EFED9B8079B12BB /* Pods-SampleApp.release.xcconfig */;
			buildSettings = {
				ASSETCATALOG_COMPILER_APPICON_NAME = AppIcon;
				ASSETCATALOG_COMPILER_GLOBAL_ACCENT_COLOR_NAME = AccentColor;
				CODE_SIGN_STYLE = Automatic;
				CURRENT_PROJECT_VERSION = 1;
				GENERATE_INFOPLIST_FILE = YES;
				INFOPLIST_FILE = SampleApp/Info.plist;
				INFOPLIST_KEY_UIApplicationSupportsIndirectInputEvents = YES;
				INFOPLIST_KEY_UILaunchStoryboardName = LaunchScreen;
				INFOPLIST_KEY_UISupportedInterfaceOrientations = UIInterfaceOrientationPortrait;
				INFOPLIST_KEY_UISupportedInterfaceOrientations_iPad = "UIInterfaceOrientationPortrait UIInterfaceOrientationPortraitUpsideDown";
				IPHONEOS_DEPLOYMENT_TARGET = 13.0;
				LD_RUNPATH_SEARCH_PATHS = (
					"$(inherited)",
					"@executable_path/Frameworks",
				);
				MARKETING_VERSION = 1.0;
				PRODUCT_BUNDLE_IDENTIFIER = br.com.yourdev.SampleApp;
				PRODUCT_NAME = "$(TARGET_NAME)";
				SWIFT_EMIT_LOC_STRINGS = YES;
				SWIFT_VERSION = 5.0;
				TARGETED_DEVICE_FAMILY = "1,2";
			};
			name = Release;
		};
		C1D6CAF229AABF9F00696E5D /* Debug */ = {
			isa = XCBuildConfiguration;
			buildSettings = {
				BUNDLE_LOADER = "$(TEST_HOST)";
				CLANG_ENABLE_MODULES = YES;
				CODE_SIGN_STYLE = Automatic;
				CURRENT_PROJECT_VERSION = 1;
				GENERATE_INFOPLIST_FILE = YES;
				IPHONEOS_DEPLOYMENT_TARGET = 13.0;
				LD_RUNPATH_SEARCH_PATHS = (
					"$(inherited)",
					"@executable_path/Frameworks",
					"@loader_path/Frameworks",
				);
				MARKETING_VERSION = 1.0;
				PRODUCT_BUNDLE_IDENTIFIER = br.com.yourdev.SampleAppTests;
				PRODUCT_NAME = "$(TARGET_NAME)";
				SWIFT_EMIT_LOC_STRINGS = NO;
				SWIFT_OPTIMIZATION_LEVEL = "-Onone";
				SWIFT_VERSION = 5.0;
				TARGETED_DEVICE_FAMILY = "1,2";
				TEST_HOST = "$(BUILT_PRODUCTS_DIR)/SampleApp.app/$(BUNDLE_EXECUTABLE_FOLDER_PATH)/SampleApp";
			};
			name = Debug;
		};
		C1D6CAF329AABF9F00696E5D /* Release */ = {
			isa = XCBuildConfiguration;
			buildSettings = {
				BUNDLE_LOADER = "$(TEST_HOST)";
				CLANG_ENABLE_MODULES = YES;
				CODE_SIGN_STYLE = Automatic;
				CURRENT_PROJECT_VERSION = 1;
				GENERATE_INFOPLIST_FILE = YES;
				IPHONEOS_DEPLOYMENT_TARGET = 13.0;
				LD_RUNPATH_SEARCH_PATHS = (
					"$(inherited)",
					"@executable_path/Frameworks",
					"@loader_path/Frameworks",
				);
				MARKETING_VERSION = 1.0;
				PRODUCT_BUNDLE_IDENTIFIER = br.com.yourdev.SampleAppTests;
				PRODUCT_NAME = "$(TARGET_NAME)";
				SWIFT_EMIT_LOC_STRINGS = NO;
				SWIFT_VERSION = 5.0;
				TARGETED_DEVICE_FAMILY = "1,2";
				TEST_HOST = "$(BUILT_PRODUCTS_DIR)/SampleApp.app/$(BUNDLE_EXECUTABLE_FOLDER_PATH)/SampleApp";
			};
			name = Release;
		};
/* End XCBuildConfiguration section */

/* Begin XCConfigurationList section */
		C1D6CA4429A6F07500696E5D /* Build configuration list for PBXProject "SampleApp" */ = {
			isa = XCConfigurationList;
			buildConfigurations = (
				C1D6CA5B29A6F07500696E5D /* Debug */,
				C1D6CA5C29A6F07500696E5D /* Release */,
			);
			defaultConfigurationIsVisible = 0;
			defaultConfigurationName = Release;
		};
		C1D6CA5D29A6F07500696E5D /* Build configuration list for PBXNativeTarget "SampleApp" */ = {
			isa = XCConfigurationList;
			buildConfigurations = (
				C1D6CA5E29A6F07500696E5D /* Debug */,
				C1D6CA5F29A6F07500696E5D /* Release */,
			);
			defaultConfigurationIsVisible = 0;
			defaultConfigurationName = Release;
		};
		C1D6CAF129AABF9F00696E5D /* Build configuration list for PBXNativeTarget "SampleAppTests" */ = {
			isa = XCConfigurationList;
			buildConfigurations = (
				C1D6CAF229AABF9F00696E5D /* Debug */,
				C1D6CAF329AABF9F00696E5D /* Release */,
			);
			defaultConfigurationIsVisible = 0;
			defaultConfigurationName = Release;
		};
/* End XCConfigurationList section */
	};
	rootObject = C1D6CA4129A6F07500696E5D /* Project object */;
}
